
Microsoft Visual Studio Solution File, Format Version 12.00
# Visual Studio Version 16
VisualStudioVersion = 16.0.30907.101
MinimumVisualStudioVersion = 10.0.40219.1
Project("{FAE04EC0-301F-11D3-BF4B-00C04F79EFBC}") = "Expl0sLazyDialogues", "Expl0sLazyDialogues\Expl0sLazyDialogues.csproj", "{24664676-65E7-44ED-89EC-78003D925E38}"
EndProject
Global
	GlobalSection(SolutionConfigurationPlatforms) = preSolution
		Debug|Any CPU = Debug|Any CPU
		Release|Any CPU = Release|Any CPU
	EndGlobalSection
	GlobalSection(ProjectConfigurationPlatforms) = postSolution
		{24664676-65E7-44ED-89EC-78003D925E38}.Debug|Any CPU.ActiveCfg = Debug|Any CPU
		{24664676-65E7-44ED-89EC-78003D925E38}.Debug|Any CPU.Build.0 = Debug|Any CPU
		{24664676-65E7-44ED-89EC-78003D925E38}.Release|Any CPU.ActiveCfg = Release|Any CPU
		{24664676-65E7-44ED-89EC-78003D925E38}.Release|Any CPU.Build.0 = Release|Any CPU
	EndGlobalSection
	GlobalSection(SolutionProperties) = preSolution
		HideSolutionNode = FALSE
	EndGlobalSection
	GlobalSection(ExtensibilityGlobals) = postSolution
		SolutionGuid = {96B946EF-7A41-4962-AC73-09EDE59DCF17}
	EndGlobalSection
EndGlobal
